
Microsoft Visual Studio Solution File, Format Version 12.00
# Visual Studio Version 17
VisualStudioVersion = 17.7.34024.191
MinimumVisualStudioVersion = 10.0.40219.1
Project("{9A19103F-16F7-4668-BE54-9A1E7A4F7556}") = "Api", "Api\Api.csproj", "{75995DB4-5453-45C2-B4FF-0E0C75AC8D28}"
EndProject
Project("{2150E333-8FDC-42A3-9474-1A3956D46DE8}") = "Solution Items", "Solution Items", "{A5E93564-C091-408C-8491-B3B52CDAD377}"
	ProjectSection(SolutionItems) = preProject
		index.html = index.html
		notes.md = notes.md
		README.md = README.md
	EndProjectSection
EndProject
Project("{FAE04EC0-301F-11D3-BF4B-00C04F79EFBC}") = "Core", "Core\Core.csproj", "{7AC04E64-88F5-4FF0-B460-C71A3E01433D}"
EndProject
Project("{FAE04EC0-301F-11D3-BF4B-00C04F79EFBC}") = "Database", "Database\Database.csproj", "{3864DF94-20DA-405D-B1F4-AA8010935462}"
EndProject
Project("{FAE04EC0-301F-11D3-BF4B-00C04F79EFBC}") = "FileSystem", "FileSystem\FileSystem.csproj", "{A2CADB91-9D5E-46F5-9A06-35EA50CDF2DB}"
EndProject
Global
	GlobalSection(SolutionConfigurationPlatforms) = preSolution
		Debug|Any CPU = Debug|Any CPU
		Release|Any CPU = Release|Any CPU
	EndGlobalSection
	GlobalSection(ProjectConfigurationPlatforms) = postSolution
		{75995DB4-5453-45C2-B4FF-0E0C75AC8D28}.Debug|Any CPU.ActiveCfg = Debug|Any CPU
		{75995DB4-5453-45C2-B4FF-0E0C75AC8D28}.Debug|Any CPU.Build.0 = Debug|Any CPU
		{75995DB4-5453-45C2-B4FF-0E0C75AC8D28}.Release|Any CPU.ActiveCfg = Release|Any CPU
		{75995DB4-5453-45C2-B4FF-0E0C75AC8D28}.Release|Any CPU.Build.0 = Release|Any CPU
		{7AC04E64-88F5-4FF0-B460-C71A3E01433D}.Debug|Any CPU.ActiveCfg = Debug|Any CPU
		{7AC04E64-88F5-4FF0-B460-C71A3E01433D}.Debug|Any CPU.Build.0 = Debug|Any CPU
		{7AC04E64-88F5-4FF0-B460-C71A3E01433D}.Release|Any CPU.ActiveCfg = Release|Any CPU
		{7AC04E64-88F5-4FF0-B460-C71A3E01433D}.Release|Any CPU.Build.0 = Release|Any CPU
		{3864DF94-20DA-405D-B1F4-AA8010935462}.Debug|Any CPU.ActiveCfg = Debug|Any CPU
		{3864DF94-20DA-405D-B1F4-AA8010935462}.Debug|Any CPU.Build.0 = Debug|Any CPU
		{3864DF94-20DA-405D-B1F4-AA8010935462}.Release|Any CPU.ActiveCfg = Release|Any CPU
		{3864DF94-20DA-405D-B1F4-AA8010935462}.Release|Any CPU.Build.0 = Release|Any CPU
		{A2CADB91-9D5E-46F5-9A06-35EA50CDF2DB}.Debug|Any CPU.ActiveCfg = Debug|Any CPU
		{A2CADB91-9D5E-46F5-9A06-35EA50CDF2DB}.Debug|Any CPU.Build.0 = Debug|Any CPU
		{A2CADB91-9D5E-46F5-9A06-35EA50CDF2DB}.Release|Any CPU.ActiveCfg = Release|Any CPU
		{A2CADB91-9D5E-46F5-9A06-35EA50CDF2DB}.Release|Any CPU.Build.0 = Release|Any CPU
	EndGlobalSection
	GlobalSection(SolutionProperties) = preSolution
		HideSolutionNode = FALSE
	EndGlobalSection
	GlobalSection(ExtensibilityGlobals) = postSolution
		SolutionGuid = {6DD4727C-1DBD-4C95-94BE-80F9C031D45D}
	EndGlobalSection
EndGlobal
